<Solution>
  <Folder Name="/src/" />
  <Folder Name="/src/API/">
    <Project Path="src/API/GymApp.API.csproj" />
  </Folder>
  <Folder Name="/src/Application/">
    <Project Path="src/Application/GymApp.Application.csproj" />
  </Folder>
  <Folder Name="/src/Domain/">
    <Project Path="src/Domain/GymApp.Domain.csproj" />
  </Folder>
  <Folder Name="/src/Infrastructure/">
    <Project Path="src/Infrastructure/GymApp.Infrastructure.csproj" />
  </Folder>
</Solution>
